{
  "name": "example",
  "version": "1.0.0",
  "lockfileVersion": 1,
  "requires": true,
  "dependencies": {
    "fs-extra": {
      "version": "6.0.0",
      "resolved": "https://registry.npmjs.org/fs-extra/-/fs-extra-6.0.0.tgz",
      "integrity": "sha512-lk2cUCo8QzbiEWEbt7Cw3m27WMiRG321xsssbcIpfMhpRjrlC08WBOVQqj1/nQYYNnPtyIhP1oqLO3QwT2tPCw==",
      "requires": {
        "graceful-fs": "4.1.11",
        "jsonfile": "4.0.0",
        "universalify": "0.1.1"
      }
    },
    "graceful-fs": {
      "version": "4.1.11",
      "resolved": "https://registry.npmjs.org/graceful-fs/-/graceful-fs-4.1.11.tgz",
      "integrity": "sha1-Dovf5NHduIVNZOBOp8AOKgJuVlg="
    },
    "jsonfile": {
      "version": "4.0.0",
      "resolved": "https://registry.npmjs.org/jsonfile/-/jsonfile-4.0.0.tgz",
      "integrity": "sha1-h3Gq4HmbZAdrdmQPygWPnBDjPss=",
      "requires": {
        "graceful-fs": "4.1.11"
      }
    },
    "stumpfi": {
      "version": "6.0.0",
      "resolved": "https://registry.npmjs.org/stumpfi/-/stumpfi-6.0.0.tgz",
      "integrity": "sha512-cakb6WCOP5u4/Ek/Rta/fGevxeU40nCZJE0qDYcqvti6u3wW9qrP7rxx2EoJ1yi0T5GeTkwN7Y+v8EFTL1CH6Q=="
    },
    "stumpfi-io": {
      "version": "1.0.0",
      "resolved": "https://registry.npmjs.org/stumpfi-io/-/stumpfi-io-1.0.0.tgz",
      "integrity": "sha512-9hmQq/wRwUFhwFUAOr+LjvQJoLVqZDeTvtuhGkus9+2v4JV/Ti2LBskQLZ7g/+4nTShEALJZlG7yfVUhCPtXJA==",
      "requires": {
        "fs-extra": "6.0.0",
        "stumpfi": "6.0.0"
      }
    },
    "universalify": {
      "version": "0.1.1",
      "resolved": "https://registry.npmjs.org/universalify/-/universalify-0.1.1.tgz",
      "integrity": "sha1-+nG63UQ3r0wUiEHjs7Fl+enlkLc="
    }
  }
}
